
Microsoft Visual Studio Solution File, Format Version 12.00
# Visual Studio 15
Project("{FAE04EC0-301F-11D3-BF4B-00C04F79EFBC}") = "Assembly-CSharp", "Assembly-CSharp.csproj", "{61D76233-FFCC-97C6-A6E5-C0D9256CCD14}"
EndProject
Project("{FAE04EC0-301F-11D3-BF4B-00C04F79EFBC}") = "Assembly-CSharp-Editor", "Assembly-CSharp-Editor.csproj", "{AD3FDD79-DD1E-404E-61EA-CF6017AE377B}"
EndProject
Global
	GlobalSection(SolutionConfigurationPlatforms) = preSolution
		Debug|Any CPU = Debug|Any CPU
		Release|Any CPU = Release|Any CPU
	EndGlobalSection
	GlobalSection(ProjectConfigurationPlatforms) = postSolution
		{61D76233-FFCC-97C6-A6E5-C0D9256CCD14}.Debug|Any CPU.ActiveCfg = Debug|Any CPU
		{61D76233-FFCC-97C6-A6E5-C0D9256CCD14}.Debug|Any CPU.Build.0 = Debug|Any CPU
		{61D76233-FFCC-97C6-A6E5-C0D9256CCD14}.Release|Any CPU.ActiveCfg = Release|Any CPU
		{61D76233-FFCC-97C6-A6E5-C0D9256CCD14}.Release|Any CPU.Build.0 = Release|Any CPU
		{AD3FDD79-DD1E-404E-61EA-CF6017AE377B}.Debug|Any CPU.ActiveCfg = Debug|Any CPU
		{AD3FDD79-DD1E-404E-61EA-CF6017AE377B}.Debug|Any CPU.Build.0 = Debug|Any CPU
		{AD3FDD79-DD1E-404E-61EA-CF6017AE377B}.Release|Any CPU.ActiveCfg = Release|Any CPU
		{AD3FDD79-DD1E-404E-61EA-CF6017AE377B}.Release|Any CPU.Build.0 = Release|Any CPU
	EndGlobalSection
	GlobalSection(SolutionProperties) = preSolution
		HideSolutionNode = FALSE
	EndGlobalSection
EndGlobal
