
Microsoft Visual Studio Solution File, Format Version 12.00
# Visual Studio 15
Project("{FAE04EC0-301F-11D3-BF4B-00C04F79EFBC}") = "Assembly-CSharp", "Assembly-CSharp.csproj", "{AEA0B9A6-0E88-B316-E69E-1AB3A09B0E87}"
EndProject
Project("{FAE04EC0-301F-11D3-BF4B-00C04F79EFBC}") = "Assembly-CSharp-Editor", "Assembly-CSharp-Editor.csproj", "{69765154-46FF-C3C6-2939-34195D132F83}"
EndProject
Global
	GlobalSection(SolutionConfigurationPlatforms) = preSolution
		Debug|Any CPU = Debug|Any CPU
		Release|Any CPU = Release|Any CPU
	EndGlobalSection
	GlobalSection(ProjectConfigurationPlatforms) = postSolution
		{AEA0B9A6-0E88-B316-E69E-1AB3A09B0E87}.Debug|Any CPU.ActiveCfg = Debug|Any CPU
		{AEA0B9A6-0E88-B316-E69E-1AB3A09B0E87}.Debug|Any CPU.Build.0 = Debug|Any CPU
		{AEA0B9A6-0E88-B316-E69E-1AB3A09B0E87}.Release|Any CPU.ActiveCfg = Release|Any CPU
		{AEA0B9A6-0E88-B316-E69E-1AB3A09B0E87}.Release|Any CPU.Build.0 = Release|Any CPU
		{69765154-46FF-C3C6-2939-34195D132F83}.Debug|Any CPU.ActiveCfg = Debug|Any CPU
		{69765154-46FF-C3C6-2939-34195D132F83}.Debug|Any CPU.Build.0 = Debug|Any CPU
		{69765154-46FF-C3C6-2939-34195D132F83}.Release|Any CPU.ActiveCfg = Release|Any CPU
		{69765154-46FF-C3C6-2939-34195D132F83}.Release|Any CPU.Build.0 = Release|Any CPU
	EndGlobalSection
	GlobalSection(SolutionProperties) = preSolution
		HideSolutionNode = FALSE
	EndGlobalSection
EndGlobal
